
Microsoft Visual Studio Solution File, Format Version 12.00
# Visual Studio Version 17
VisualStudioVersion = 17.9.34701.34
MinimumVisualStudioVersion = 10.0.40219.1
Project("{FAE04EC0-301F-11D3-BF4B-00C04F79EFBC}") = "modulo", "modulo\modulo.csproj", "{ED3B5F88-1110-43B6-90D4-2FE47BEEEF0B}"
EndProject
Global
	GlobalSection(SolutionConfigurationPlatforms) = preSolution
		Debug|Any CPU = Debug|Any CPU
		Release|Any CPU = Release|Any CPU
	EndGlobalSection
	GlobalSection(ProjectConfigurationPlatforms) = postSolution
		{ED3B5F88-1110-43B6-90D4-2FE47BEEEF0B}.Debug|Any CPU.ActiveCfg = Debug|Any CPU
		{ED3B5F88-1110-43B6-90D4-2FE47BEEEF0B}.Debug|Any CPU.Build.0 = Debug|Any CPU
		{ED3B5F88-1110-43B6-90D4-2FE47BEEEF0B}.Release|Any CPU.ActiveCfg = Release|Any CPU
		{ED3B5F88-1110-43B6-90D4-2FE47BEEEF0B}.Release|Any CPU.Build.0 = Release|Any CPU
	EndGlobalSection
	GlobalSection(SolutionProperties) = preSolution
		HideSolutionNode = FALSE
	EndGlobalSection
	GlobalSection(ExtensibilityGlobals) = postSolution
		SolutionGuid = {05CC36AF-77F3-4289-AC6A-A218C83CC445}
	EndGlobalSection
EndGlobal
